
Microsoft Visual Studio Solution File, Format Version 12.00
# Visual Studio Version 16
VisualStudioVersion = 16.0.31702.278
MinimumVisualStudioVersion = 10.0.40219.1
Project("{FAE04EC0-301F-11D3-BF4B-00C04F79EFBC}") = "Fitness.WPF.NetCore", "Fitness.WPF.NetCore\Fitness.WPF.NetCore.csproj", "{EEC6F53D-DFEF-4695-B86A-C5DD959ED158}"
EndProject
Project("{9A19103F-16F7-4668-BE54-9A1E7A4F7556}") = "MathCore.WPF.Styles", "..\lib\MathCore.WPF.Styles\MathCore.WPF.Styles\MathCore.WPF.Styles.csproj", "{F9290343-5B71-44A2-9BB2-E08E2E5CA840}"
EndProject
Project("{9A19103F-16F7-4668-BE54-9A1E7A4F7556}") = "Boomsa.WPF.BaseLib", "..\lib\Boomsa.WPF.BaseLib\Boomsa.WPF.BaseLib\Boomsa.WPF.BaseLib.csproj", "{F94EECEE-B2F9-4D2D-B2A3-9F41CBD7579B}"
EndProject
Global
	GlobalSection(SolutionConfigurationPlatforms) = preSolution
		Debug|Any CPU = Debug|Any CPU
		Release|Any CPU = Release|Any CPU
	EndGlobalSection
	GlobalSection(ProjectConfigurationPlatforms) = postSolution
		{EEC6F53D-DFEF-4695-B86A-C5DD959ED158}.Debug|Any CPU.ActiveCfg = Debug|Any CPU
		{EEC6F53D-DFEF-4695-B86A-C5DD959ED158}.Debug|Any CPU.Build.0 = Debug|Any CPU
		{EEC6F53D-DFEF-4695-B86A-C5DD959ED158}.Release|Any CPU.ActiveCfg = Release|Any CPU
		{EEC6F53D-DFEF-4695-B86A-C5DD959ED158}.Release|Any CPU.Build.0 = Release|Any CPU
		{F9290343-5B71-44A2-9BB2-E08E2E5CA840}.Debug|Any CPU.ActiveCfg = Debug|Any CPU
		{F9290343-5B71-44A2-9BB2-E08E2E5CA840}.Debug|Any CPU.Build.0 = Debug|Any CPU
		{F9290343-5B71-44A2-9BB2-E08E2E5CA840}.Release|Any CPU.ActiveCfg = Release|Any CPU
		{F9290343-5B71-44A2-9BB2-E08E2E5CA840}.Release|Any CPU.Build.0 = Release|Any CPU
		{F94EECEE-B2F9-4D2D-B2A3-9F41CBD7579B}.Debug|Any CPU.ActiveCfg = Debug|Any CPU
		{F94EECEE-B2F9-4D2D-B2A3-9F41CBD7579B}.Debug|Any CPU.Build.0 = Debug|Any CPU
		{F94EECEE-B2F9-4D2D-B2A3-9F41CBD7579B}.Release|Any CPU.ActiveCfg = Release|Any CPU
		{F94EECEE-B2F9-4D2D-B2A3-9F41CBD7579B}.Release|Any CPU.Build.0 = Release|Any CPU
	EndGlobalSection
	GlobalSection(SolutionProperties) = preSolution
		HideSolutionNode = FALSE
	EndGlobalSection
	GlobalSection(ExtensibilityGlobals) = postSolution
		SolutionGuid = {5C214666-2DC1-4A17-93C6-299608F28D50}
	EndGlobalSection
EndGlobal
